// !$*UTF8*$!
{
	archiveVersion = 1;
	classes = {
	};
	objectVersion = 46;
	objects = {

/* Begin PBXBuildFile section */
		9BEE8BF817E9FEBA009441E2 /* Foundation.framework in Frameworks */ = {isa = PBXBuildFile; fileRef = 9BEE8BF717E9FEBA009441E2 /* Foundation.framework */; };
		9BEE8BFA17E9FEBA009441E2 /* CoreGraphics.framework in Frameworks */ = {isa = PBXBuildFile; fileRef = 9BEE8BF917E9FEBA009441E2 /* CoreGraphics.framework */; };
		9BEE8BFC17E9FEBA009441E2 /* UIKit.framework in Frameworks */ = {isa = PBXBuildFile; fileRef = 9BEE8BFB17E9FEBA009441E2 /* UIKit.framework */; };
		9BEE8C0217E9FEBA009441E2 /* InfoPlist.strings in Resources */ = {isa = PBXBuildFile; fileRef = 9BEE8C0017E9FEBA009441E2 /* InfoPlist.strings */; };
		9BEE8C0417E9FEBA009441E2 /* main.m in Sources */ = {isa = PBXBuildFile; fileRef = 9BEE8C0317E9FEBA009441E2 /* main.m */; };
		9BEE8C0817E9FEBA009441E2 /* SJAppDelegate.m in Sources */ = {isa = PBXBuildFile; fileRef = 9BEE8C0717E9FEBA009441E2 /* SJAppDelegate.m */; };
		9BEE8C0A17E9FEBA009441E2 /* Images.xcassets in Resources */ = {isa = PBXBuildFile; fileRef = 9BEE8C0917E9FEBA009441E2 /* Images.xcassets */; };
		9BEE8C1117E9FEBA009441E2 /* XCTest.framework in Frameworks */ = {isa = PBXBuildFile; fileRef = 9BEE8C1017E9FEBA009441E2 /* XCTest.framework */; };
		9BEE8C1217E9FEBA009441E2 /* Foundation.framework in Frameworks */ = {isa = PBXBuildFile; fileRef = 9BEE8BF717E9FEBA009441E2 /* Foundation.framework */; };
		9BEE8C1317E9FEBA009441E2 /* UIKit.framework in Frameworks */ = {isa = PBXBuildFile; fileRef = 9BEE8BFB17E9FEBA009441E2 /* UIKit.framework */; };
		9BEE8C1B17E9FEBA009441E2 /* InfoPlist.strings in Resources */ = {isa = PBXBuildFile; fileRef = 9BEE8C1917E9FEBA009441E2 /* InfoPlist.strings */; };
		9BEE8C1D17E9FEBA009441E2 /* SJAnimationTests.m in Sources */ = {isa = PBXBuildFile; fileRef = 9BEE8C1C17E9FEBA009441E2 /* SJAnimationTests.m */; };
		9BEE8C2717E9FF1B009441E2 /* SpriteKit.framework in Frameworks */ = {isa = PBXBuildFile; fileRef = 9BEE8C2617E9FF1B009441E2 /* SpriteKit.framework */; };
		9BEE8C2A17E9FF27009441E2 /* SJViewController.m in Sources */ = {isa = PBXBuildFile; fileRef = 9BEE8C2917E9FF27009441E2 /* SJViewController.m */; };
		9BEE8C2D17E9FF59009441E2 /* SJAnimationScene.m in Sources */ = {isa = PBXBuildFile; fileRef = 9BEE8C2C17E9FF59009441E2 /* SJAnimationScene.m */; };
		9BEE8C2F17E9FFAC009441E2 /* sword.png in Resources */ = {isa = PBXBuildFile; fileRef = 9BEE8C2E17E9FFAC009441E2 /* sword.png */; };
		9BEE8C3117EC7ECF009441E2 /* clotharmor.png in Resources */ = {isa = PBXBuildFile; fileRef = 9BEE8C3017EC7ECF009441E2 /* clotharmor.png */; };
/* End PBXBuildFile section */

/* Begin PBXContainerItemProxy section */
		9BEE8C1417E9FEBA009441E2 /* PBXContainerItemProxy */ = {
			isa = PBXContainerItemProxy;
			containerPortal = 9BEE8BEC17E9FEBA009441E2 /* Project object */;
			proxyType = 1;
			remoteGlobalIDString = 9BEE8BF317E9FEBA009441E2;
			remoteInfo = SJAnimation;
		};
/* End PBXContainerItemProxy section */

/* Begin PBXFileReference section */
		9BEE8BF417E9FEBA009441E2 /* SJAnimation.app */ = {isa = PBXFileReference; explicitFileType = wrapper.application; includeInIndex = 0; path = SJAnimation.app; sourceTree = BUILT_PRODUCTS_DIR; };
		9BEE8BF717E9FEBA009441E2 /* Foundation.framework */ = {isa = PBXFileReference; lastKnownFileType = wrapper.framework; name = Foundation.framework; path = System/Library/Frameworks/Foundation.framework; sourceTree = SDKROOT; };
		9BEE8BF917E9FEBA009441E2 /* CoreGraphics.framework */ = {isa = PBXFileReference; lastKnownFileType = wrapper.framework; name = CoreGraphics.framework; path = System/Library/Frameworks/CoreGraphics.framework; sourceTree = SDKROOT; };
		9BEE8BFB17E9FEBA009441E2 /* UIKit.framework */ = {isa = PBXFileReference; lastKnownFileType = wrapper.framework; name = UIKit.framework; path = System/Library/Frameworks/UIKit.framework; sourceTree = SDKROOT; };
		9BEE8BFF17E9FEBA009441E2 /* SJAnimation-Info.plist */ = {isa = PBXFileReference; lastKnownFileType = text.plist.xml; path = "SJAnimation-Info.plist"; sourceTree = "<group>"; };
		9BEE8C0117E9FEBA009441E2 /* en */ = {isa = PBXFileReference; lastKnownFileType = text.plist.strings; name = en; path = en.lproj/InfoPlist.strings; sourceTree = "<group>"; };
		9BEE8C0317E9FEBA009441E2 /* main.m */ = {isa = PBXFileReference; lastKnownFileType = sourcecode.c.objc; path = main.m; sourceTree = "<group>"; };
		9BEE8C0517E9FEBA009441E2 /* SJAnimation-Prefix.pch */ = {isa = PBXFileReference; lastKnownFileType = sourcecode.c.h; path = "SJAnimation-Prefix.pch"; sourceTree = "<group>"; };
		9BEE8C0617E9FEBA009441E2 /* SJAppDelegate.h */ = {isa = PBXFileReference; lastKnownFileType = sourcecode.c.h; path = SJAppDelegate.h; sourceTree = "<group>"; };
		9BEE8C0717E9FEBA009441E2 /* SJAppDelegate.m */ = {isa = PBXFileReference; lastKnownFileType = sourcecode.c.objc; path = SJAppDelegate.m; sourceTree = "<group>"; };
		9BEE8C0917E9FEBA009441E2 /* Images.xcassets */ = {isa = PBXFileReference; lastKnownFileType = folder.assetcatalog; path = Images.xcassets; sourceTree = "<group>"; };
		9BEE8C0F17E9FEBA009441E2 /* SJAnimationTests.xctest */ = {isa = PBXFileReference; explicitFileType = wrapper.cfbundle; includeInIndex = 0; path = SJAnimationTests.xctest; sourceTree = BUILT_PRODUCTS_DIR; };
		9BEE8C1017E9FEBA009441E2 /* XCTest.framework */ = {isa = PBXFileReference; lastKnownFileType = wrapper.framework; name = XCTest.framework; path = Library/Frameworks/XCTest.framework; sourceTree = DEVELOPER_DIR; };
		9BEE8C1817E9FEBA009441E2 /* SJAnimationTests-Info.plist */ = {isa = PBXFileReference; lastKnownFileType = text.plist.xml; path = "SJAnimationTests-Info.plist"; sourceTree = "<group>"; };
		9BEE8C1A17E9FEBA009441E2 /* en */ = {isa = PBXFileReference; lastKnownFileType = text.plist.strings; name = en; path = en.lproj/InfoPlist.strings; sourceTree = "<group>"; };
		9BEE8C1C17E9FEBA009441E2 /* SJAnimationTests.m */ = {isa = PBXFileReference; lastKnownFileType = sourcecode.c.objc; path = SJAnimationTests.m; sourceTree = "<group>"; };
		9BEE8C2617E9FF1B009441E2 /* SpriteKit.framework */ = {isa = PBXFileReference; lastKnownFileType = wrapper.framework; name = SpriteKit.framework; path = System/Library/Frameworks/SpriteKit.framework; sourceTree = SDKROOT; };
		9BEE8C2817E9FF27009441E2 /* SJViewController.h */ = {isa = PBXFileReference; fileEncoding = 4; lastKnownFileType = sourcecode.c.h; path = SJViewController.h; sourceTree = "<group>"; };
		9BEE8C2917E9FF27009441E2 /* SJViewController.m */ = {isa = PBXFileReference; fileEncoding = 4; lastKnownFileType = sourcecode.c.objc; path = SJViewController.m; sourceTree = "<group>"; };
		9BEE8C2B17E9FF59009441E2 /* SJAnimationScene.h */ = {isa = PBXFileReference; fileEncoding = 4; lastKnownFileType = sourcecode.c.h; path = SJAnimationScene.h; sourceTree = "<group>"; };
		9BEE8C2C17E9FF59009441E2 /* SJAnimationScene.m */ = {isa = PBXFileReference; fileEncoding = 4; lastKnownFileType = sourcecode.c.objc; path = SJAnimationScene.m; sourceTree = "<group>"; };
		9BEE8C2E17E9FFAC009441E2 /* sword.png */ = {isa = PBXFileReference; lastKnownFileType = image.png; path = sword.png; sourceTree = "<group>"; };
		9BEE8C3017EC7ECF009441E2 /* clotharmor.png */ = {isa = PBXFileReference; lastKnownFileType = image.png; path = clotharmor.png; sourceTree = "<group>"; };
/* End PBXFileReference section */

/* Begin PBXFrameworksBuildPhase section */
		9BEE8BF117E9FEBA009441E2 /* Frameworks */ = {
			isa = PBXFrameworksBuildPhase;
			buildActionMask = 2147483647;
			files = (
				9BEE8C2717E9FF1B009441E2 /* SpriteKit.framework in Frameworks */,
				9BEE8BFA17E9FEBA009441E2 /* CoreGraphics.framework in Frameworks */,
				9BEE8BFC17E9FEBA009441E2 /* UIKit.framework in Frameworks */,
				9BEE8BF817E9FEBA009441E2 /* Foundation.framework in Frameworks */,
			);
			runOnlyForDeploymentPostprocessing = 0;
		};
		9BEE8C0C17E9FEBA009441E2 /* Frameworks */ = {
			isa = PBXFrameworksBuildPhase;
			buildActionMask = 2147483647;
			files = (
				9BEE8C1117E9FEBA009441E2 /* XCTest.framework in Frameworks */,
				9BEE8C1317E9FEBA009441E2 /* UIKit.framework in Frameworks */,
				9BEE8C1217E9FEBA009441E2 /* Foundation.framework in Frameworks */,
			);
			runOnlyForDeploymentPostprocessing = 0;
		};
/* End PBXFrameworksBuildPhase section */

/* Begin PBXGroup section */
		9BEE8BEB17E9FEBA009441E2 = {
			isa = PBXGroup;
			children = (
				9BEE8BFD17E9FEBA009441E2 /* SJAnimation */,
				9BEE8C1617E9FEBA009441E2 /* SJAnimationTests */,
				9BEE8BF617E9FEBA009441E2 /* Frameworks */,
				9BEE8BF517E9FEBA009441E2 /* Products */,
			);
			sourceTree = "<group>";
		};
		9BEE8BF517E9FEBA009441E2 /* Products */ = {
			isa = PBXGroup;
			children = (
				9BEE8BF417E9FEBA009441E2 /* SJAnimation.app */,
				9BEE8C0F17E9FEBA009441E2 /* SJAnimationTests.xctest */,
			);
			name = Products;
			sourceTree = "<group>";
		};
		9BEE8BF617E9FEBA009441E2 /* Frameworks */ = {
			isa = PBXGroup;
			children = (
				9BEE8C2617E9FF1B009441E2 /* SpriteKit.framework */,
				9BEE8BF717E9FEBA009441E2 /* Foundation.framework */,
				9BEE8BF917E9FEBA009441E2 /* CoreGraphics.framework */,
				9BEE8BFB17E9FEBA009441E2 /* UIKit.framework */,
				9BEE8C1017E9FEBA009441E2 /* XCTest.framework */,
			);
			name = Frameworks;
			sourceTree = "<group>";
		};
		9BEE8BFD17E9FEBA009441E2 /* SJAnimation */ = {
			isa = PBXGroup;
			children = (
				9BEE8C0617E9FEBA009441E2 /* SJAppDelegate.h */,
				9BEE8C0717E9FEBA009441E2 /* SJAppDelegate.m */,
				9BEE8C0917E9FEBA009441E2 /* Images.xcassets */,
				9BEE8BFE17E9FEBA009441E2 /* Supporting Files */,
				9BEE8C2817E9FF27009441E2 /* SJViewController.h */,
				9BEE8C2917E9FF27009441E2 /* SJViewController.m */,
				9BEE8C2B17E9FF59009441E2 /* SJAnimationScene.h */,
				9BEE8C2C17E9FF59009441E2 /* SJAnimationScene.m */,
				9BEE8C2E17E9FFAC009441E2 /* sword.png */,
				9BEE8C3017EC7ECF009441E2 /* clotharmor.png */,
			);
			path = SJAnimation;
			sourceTree = "<group>";
		};
		9BEE8BFE17E9FEBA009441E2 /* Supporting Files */ = {
			isa = PBXGroup;
			children = (
				9BEE8BFF17E9FEBA009441E2 /* SJAnimation-Info.plist */,
				9BEE8C0017E9FEBA009441E2 /* InfoPlist.strings */,
				9BEE8C0317E9FEBA009441E2 /* main.m */,
				9BEE8C0517E9FEBA009441E2 /* SJAnimation-Prefix.pch */,
			);
			name = "Supporting Files";
			sourceTree = "<group>";
		};
		9BEE8C1617E9FEBA009441E2 /* SJAnimationTests */ = {
			isa = PBXGroup;
			children = (
				9BEE8C1C17E9FEBA009441E2 /* SJAnimationTests.m */,
				9BEE8C1717E9FEBA009441E2 /* Supporting Files */,
			);
			path = SJAnimationTests;
			sourceTree = "<group>";
		};
		9BEE8C1717E9FEBA009441E2 /* Supporting Files */ = {
			isa = PBXGroup;
			children = (
				9BEE8C1817E9FEBA009441E2 /* SJAnimationTests-Info.plist */,
				9BEE8C1917E9FEBA009441E2 /* InfoPlist.strings */,
			);
			name = "Supporting Files";
			sourceTree = "<group>";
		};
/* End PBXGroup section */

/* Begin PBXNativeTarget section */
		9BEE8BF317E9FEBA009441E2 /* SJAnimation */ = {
			isa = PBXNativeTarget;
			buildConfigurationList = 9BEE8C2017E9FEBB009441E2 /* Build configuration list for PBXNativeTarget "SJAnimation" */;
			buildPhases = (
				9BEE8BF017E9FEBA009441E2 /* Sources */,
				9BEE8BF117E9FEBA009441E2 /* Frameworks */,
				9BEE8BF217E9FEBA009441E2 /* Resources */,
			);
			buildRules = (
			);
			dependencies = (
			);
			name = SJAnimation;
			productName = SJAnimation;
			productReference = 9BEE8BF417E9FEBA009441E2 /* SJAnimation.app */;
			productType = "com.apple.product-type.application";
		};
		9BEE8C0E17E9FEBA009441E2 /* SJAnimationTests */ = {
			isa = PBXNativeTarget;
			buildConfigurationList = 9BEE8C2317E9FEBB009441E2 /* Build configuration list for PBXNativeTarget "SJAnimationTests" */;
			buildPhases = (
				9BEE8C0B17E9FEBA009441E2 /* Sources */,
				9BEE8C0C17E9FEBA009441E2 /* Frameworks */,
				9BEE8C0D17E9FEBA009441E2 /* Resources */,
			);
			buildRules = (
			);
			dependencies = (
				9BEE8C1517E9FEBA009441E2 /* PBXTargetDependency */,
			);
			name = SJAnimationTests;
			productName = SJAnimationTests;
			productReference = 9BEE8C0F17E9FEBA009441E2 /* SJAnimationTests.xctest */;
			productType = "com.apple.product-type.bundle.unit-test";
		};
/* End PBXNativeTarget section */

/* Begin PBXProject section */
		9BEE8BEC17E9FEBA009441E2 /* Project object */ = {
			isa = PBXProject;
			attributes = {
				CLASSPREFIX = SJ;
				LastUpgradeCheck = 0500;
				ORGANIZATIONNAME = tnantoka;
				TargetAttributes = {
					9BEE8C0E17E9FEBA009441E2 = {
						TestTargetID = 9BEE8BF317E9FEBA009441E2;
					};
				};
			};
			buildConfigurationList = 9BEE8BEF17E9FEBA009441E2 /* Build configuration list for PBXProject "SJAnimation" */;
			compatibilityVersion = "Xcode 3.2";
			developmentRegion = English;
			hasScannedForEncodings = 0;
			knownRegions = (
				en,
			);
			mainGroup = 9BEE8BEB17E9FEBA009441E2;
			productRefGroup = 9BEE8BF517E9FEBA009441E2 /* Products */;
			projectDirPath = "";
			projectRoot = "";
			targets = (
				9BEE8BF317E9FEBA009441E2 /* SJAnimation */,
				9BEE8C0E17E9FEBA009441E2 /* SJAnimationTests */,
			);
		};
/* End PBXProject section */

/* Begin PBXResourcesBuildPhase section */
		9BEE8BF217E9FEBA009441E2 /* Resources */ = {
			isa = PBXResourcesBuildPhase;
			buildActionMask = 2147483647;
			files = (
				9BEE8C3117EC7ECF009441E2 /* clotharmor.png in Resources */,
				9BEE8C0217E9FEBA009441E2 /* InfoPlist.strings in Resources */,
				9BEE8C2F17E9FFAC009441E2 /* sword.png in Resources */,
				9BEE8C0A17E9FEBA009441E2 /* Images.xcassets in Resources */,
			);
			runOnlyForDeploymentPostprocessing = 0;
		};
		9BEE8C0D17E9FEBA009441E2 /* Resources */ = {
			isa = PBXResourcesBuildPhase;
			buildActionMask = 2147483647;
			files = (
				9BEE8C1B17E9FEBA009441E2 /* InfoPlist.strings in Resources */,
			);
			runOnlyForDeploymentPostprocessing = 0;
		};
/* End PBXResourcesBuildPhase section */

/* Begin PBXSourcesBuildPhase section */
		9BEE8BF017E9FEBA009441E2 /* Sources */ = {
			isa = PBXSourcesBuildPhase;
			buildActionMask = 2147483647;
			files = (
				9BEE8C2D17E9FF59009441E2 /* SJAnimationScene.m in Sources */,
				9BEE8C0417E9FEBA009441E2 /* main.m in Sources */,
				9BEE8C2A17E9FF27009441E2 /* SJViewController.m in Sources */,
				9BEE8C0817E9FEBA009441E2 /* SJAppDelegate.m in Sources */,
			);
			runOnlyForDeploymentPostprocessing = 0;
		};
		9BEE8C0B17E9FEBA009441E2 /* Sources */ = {
			isa = PBXSourcesBuildPhase;
			buildActionMask = 2147483647;
			files = (
				9BEE8C1D17E9FEBA009441E2 /* SJAnimationTests.m in Sources */,
			);
			runOnlyForDeploymentPostprocessing = 0;
		};
/* End PBXSourcesBuildPhase section */

/* Begin PBXTargetDependency section */
		9BEE8C1517E9FEBA009441E2 /* PBXTargetDependency */ = {
			isa = PBXTargetDependency;
			target = 9BEE8BF317E9FEBA009441E2 /* SJAnimation */;
			targetProxy = 9BEE8C1417E9FEBA009441E2 /* PBXContainerItemProxy */;
		};
/* End PBXTargetDependency section */

/* Begin PBXVariantGroup section */
		9BEE8C0017E9FEBA009441E2 /* InfoPlist.strings */ = {
			isa = PBXVariantGroup;
			children = (
				9BEE8C0117E9FEBA009441E2 /* en */,
			);
			name = InfoPlist.strings;
			sourceTree = "<group>";
		};
		9BEE8C1917E9FEBA009441E2 /* InfoPlist.strings */ = {
			isa = PBXVariantGroup;
			children = (
				9BEE8C1A17E9FEBA009441E2 /* en */,
			);
			name = InfoPlist.strings;
			sourceTree = "<group>";
		};
/* End PBXVariantGroup section */

/* Begin XCBuildConfiguration section */
		9BEE8C1E17E9FEBB009441E2 /* Debug */ = {
			isa = XCBuildConfiguration;
			buildSettings = {
				ALWAYS_SEARCH_USER_PATHS = NO;
				ARCHS = "$(ARCHS_STANDARD_INCLUDING_64_BIT)";
				CLANG_CXX_LANGUAGE_STANDARD = "gnu++0x";
				CLANG_CXX_LIBRARY = "libc++";
				CLANG_ENABLE_MODULES = YES;
				CLANG_ENABLE_OBJC_ARC = YES;
				CLANG_WARN_BOOL_CONVERSION = YES;
				CLANG_WARN_CONSTANT_CONVERSION = YES;
				CLANG_WARN_DIRECT_OBJC_ISA_USAGE = YES_ERROR;
				CLANG_WARN_EMPTY_BODY = YES;
				CLANG_WARN_ENUM_CONVERSION = YES;
				CLANG_WARN_INT_CONVERSION = YES;
				CLANG_WARN_OBJC_ROOT_CLASS = YES_ERROR;
				CLANG_WARN__DUPLICATE_METHOD_MATCH = YES;
				"CODE_SIGN_IDENTITY[sdk=iphoneos*]" = "iPhone Developer";
				COPY_PHASE_STRIP = NO;
				GCC_C_LANGUAGE_STANDARD = gnu99;
				GCC_DYNAMIC_NO_PIC = NO;
				GCC_OPTIMIZATION_LEVEL = 0;
				GCC_PREPROCESSOR_DEFINITIONS = (
					"DEBUG=1",
					"$(inherited)",
				);
				GCC_SYMBOLS_PRIVATE_EXTERN = NO;
				GCC_WARN_64_TO_32_BIT_CONVERSION = YES;
				GCC_WARN_ABOUT_RETURN_TYPE = YES_ERROR;
				GCC_WARN_UNDECLARED_SELECTOR = YES;
				GCC_WARN_UNINITIALIZED_AUTOS = YES;
				GCC_WARN_UNUSED_FUNCTION = YES;
				GCC_WARN_UNUSED_VARIABLE = YES;
				IPHONEOS_DEPLOYMENT_TARGET = 7.0;
				ONLY_ACTIVE_ARCH = YES;
				SDKROOT = iphoneos;
			};
			name = Debug;
		};
		9BEE8C1F17E9FEBB009441E2 /* Release */ = {
			isa = XCBuildConfiguration;
			buildSettings = {
				ALWAYS_SEARCH_USER_PATHS = NO;
				ARCHS = "$(ARCHS_STANDARD_INCLUDING_64_BIT)";
				CLANG_CXX_LANGUAGE_STANDARD = "gnu++0x";
				CLANG_CXX_LIBRARY = "libc++";
				CLANG_ENABLE_MODULES = YES;
				CLANG_ENABLE_OBJC_ARC = YES;
				CLANG_WARN_BOOL_CONVERSION = YES;
				CLANG_WARN_CONSTANT_CONVERSION = YES;
				CLANG_WARN_DIRECT_OBJC_ISA_USAGE = YES_ERROR;
				CLANG_WARN_EMPTY_BODY = YES;
				CLANG_WARN_ENUM_CONVERSION = YES;
				CLANG_WARN_INT_CONVERSION = YES;
				CLANG_WARN_OBJC_ROOT_CLASS = YES_ERROR;
				CLANG_WARN__DUPLICATE_METHOD_MATCH = YES;
				"CODE_SIGN_IDENTITY[sdk=iphoneos*]" = "iPhone Developer";
				COPY_PHASE_STRIP = YES;
				ENABLE_NS_ASSERTIONS = NO;
				GCC_C_LANGUAGE_STANDARD = gnu99;
				GCC_WARN_64_TO_32_BIT_CONVERSION = YES;
				GCC_WARN_ABOUT_RETURN_TYPE = YES_ERROR;
				GCC_WARN_UNDECLARED_SELECTOR = YES;
				GCC_WARN_UNINITIALIZED_AUTOS = YES;
				GCC_WARN_UNUSED_FUNCTION = YES;
				GCC_WARN_UNUSED_VARIABLE = YES;
				IPHONEOS_DEPLOYMENT_TARGET = 7.0;
				SDKROOT = iphoneos;
				VALIDATE_PRODUCT = YES;
			};
			name = Release;
		};
		9BEE8C2117E9FEBB009441E2 /* Debug */ = {
			isa = XCBuildConfiguration;
			buildSettings = {
				ASSETCATALOG_COMPILER_APPICON_NAME = AppIcon;
				ASSETCATALOG_COMPILER_LAUNCHIMAGE_NAME = LaunchImage;
				GCC_PRECOMPILE_PREFIX_HEADER = YES;
				GCC_PREFIX_HEADER = "SJAnimation/SJAnimation-Prefix.pch";
				INFOPLIST_FILE = "SJAnimation/SJAnimation-Info.plist";
				PRODUCT_NAME = "$(TARGET_NAME)";
				WRAPPER_EXTENSION = app;
			};
			name = Debug;
		};
		9BEE8C2217E9FEBB009441E2 /* Release */ = {
			isa = XCBuildConfiguration;
			buildSettings = {
				ASSETCATALOG_COMPILER_APPICON_NAME = AppIcon;
				ASSETCATALOG_COMPILER_LAUNCHIMAGE_NAME = LaunchImage;
				GCC_PRECOMPILE_PREFIX_HEADER = YES;
				GCC_PREFIX_HEADER = "SJAnimation/SJAnimation-Prefix.pch";
				INFOPLIST_FILE = "SJAnimation/SJAnimation-Info.plist";
				PRODUCT_NAME = "$(TARGET_NAME)";
				WRAPPER_EXTENSION = app;
			};
			name = Release;
		};
		9BEE8C2417E9FEBB009441E2 /* Debug */ = {
			isa = XCBuildConfiguration;
			buildSettings = {
				ARCHS = "$(ARCHS_STANDARD_INCLUDING_64_BIT)";
				BUNDLE_LOADER = "$(BUILT_PRODUCTS_DIR)/SJAnimation.app/SJAnimation";
				FRAMEWORK_SEARCH_PATHS = (
					"$(SDKROOT)/Developer/Library/Frameworks",
					"$(inherited)",
					"$(DEVELOPER_FRAMEWORKS_DIR)",
				);
				GCC_PRECOMPILE_PREFIX_HEADER = YES;
				GCC_PREFIX_HEADER = "SJAnimation/SJAnimation-Prefix.pch";
				GCC_PREPROCESSOR_DEFINITIONS = (
					"DEBUG=1",
					"$(inherited)",
				);
				INFOPLIST_FILE = "SJAnimationTests/SJAnimationTests-Info.plist";
				PRODUCT_NAME = "$(TARGET_NAME)";
				TEST_HOST = "$(BUNDLE_LOADER)";
				WRAPPER_EXTENSION = xctest;
			};
			name = Debug;
		};
		9BEE8C2517E9FEBB009441E2 /* Release */ = {
			isa = XCBuildConfiguration;
			buildSettings = {
				ARCHS = "$(ARCHS_STANDARD_INCLUDING_64_BIT)";
				BUNDLE_LOADER = "$(BUILT_PRODUCTS_DIR)/SJAnimation.app/SJAnimation";
				FRAMEWORK_SEARCH_PATHS = (
					"$(SDKROOT)/Developer/Library/Frameworks",
					"$(inherited)",
					"$(DEVELOPER_FRAMEWORKS_DIR)",
				);
				GCC_PRECOMPILE_PREFIX_HEADER = YES;
				GCC_PREFIX_HEADER = "SJAnimation/SJAnimation-Prefix.pch";
				INFOPLIST_FILE = "SJAnimationTests/SJAnimationTests-Info.plist";
				PRODUCT_NAME = "$(TARGET_NAME)";
				TEST_HOST = "$(BUNDLE_LOADER)";
				WRAPPER_EXTENSION = xctest;
			};
			name = Release;
		};
/* End XCBuildConfiguration section */

/* Begin XCConfigurationList section */
		9BEE8BEF17E9FEBA009441E2 /* Build configuration list for PBXProject "SJAnimation" */ = {
			isa = XCConfigurationList;
			buildConfigurations = (
				9BEE8C1E17E9FEBB009441E2 /* Debug */,
				9BEE8C1F17E9FEBB009441E2 /* Release */,
			);
			defaultConfigurationIsVisible = 0;
			defaultConfigurationName = Release;
		};
		9BEE8C2017E9FEBB009441E2 /* Build configuration list for PBXNativeTarget "SJAnimation" */ = {
			isa = XCConfigurationList;
			buildConfigurations = (
				9BEE8C2117E9FEBB009441E2 /* Debug */,
				9BEE8C2217E9FEBB009441E2 /* Release */,
			);
			defaultConfigurationIsVisible = 0;
		};
		9BEE8C2317E9FEBB009441E2 /* Build configuration list for PBXNativeTarget "SJAnimationTests" */ = {
			isa = XCConfigurationList;
			buildConfigurations = (
				9BEE8C2417E9FEBB009441E2 /* Debug */,
				9BEE8C2517E9FEBB009441E2 /* Release */,
			);
			defaultConfigurationIsVisible = 0;
		};
/* End XCConfigurationList section */
	};
	rootObject = 9BEE8BEC17E9FEBA009441E2 /* Project object */;
}
